
Microsoft Visual Studio Solution File, Format Version 12.00
# Visual Studio Version 17
VisualStudioVersion = 17.11.34909.67
MinimumVisualStudioVersion = 10.0.40219.1
Project("{FAE04EC0-301F-11D3-BF4B-00C04F79EFBC}") = "Ember", "Ember\Ember.csproj", "{B4B23C15-36CA-42D3-A607-16A9F4801413}"
EndProject
Global
	GlobalSection(SolutionConfigurationPlatforms) = preSolution
		Debug|Any CPU = Debug|Any CPU
		Release|Any CPU = Release|Any CPU
	EndGlobalSection
	GlobalSection(ProjectConfigurationPlatforms) = postSolution
		{B4B23C15-36CA-42D3-A607-16A9F4801413}.Debug|Any CPU.ActiveCfg = Debug|Any CPU
		{B4B23C15-36CA-42D3-A607-16A9F4801413}.Debug|Any CPU.Build.0 = Debug|Any CPU
		{B4B23C15-36CA-42D3-A607-16A9F4801413}.Release|Any CPU.ActiveCfg = Release|Any CPU
		{B4B23C15-36CA-42D3-A607-16A9F4801413}.Release|Any CPU.Build.0 = Release|Any CPU
	EndGlobalSection
	GlobalSection(SolutionProperties) = preSolution
		HideSolutionNode = FALSE
	EndGlobalSection
	GlobalSection(ExtensibilityGlobals) = postSolution
		SolutionGuid = {57528BB6-008D-4A20-B48F-23E9E0BE1B7E}
	EndGlobalSection
EndGlobal
